Microsoft Visual Studio Solution File, Format Version 12.00
# Visual Studio 15
VisualStudioVersion = 15.0.26730.10
MinimumVisualStudioVersion = 10.0.40219.1
Project("{FAE04EC0-301F-11D3-BF4B-00C04F79EFBC}") = "SlipAndSlide", "SlipAndSlide.csproj", "{9C225D8A-6A29-4278-86AC-3FD4042FBA10}"
EndProject
Project("{FAE04EC0-301F-11D3-BF4B-00C04F79EFBC}") = "SlipAndSlide.iOS", "iOS\SlipAndSlide.iOS.csproj", "{CFF1E3D5-8277-4268-9AB4-6476A8CCB9F3}"
EndProject
Project("{FAE04EC0-301F-11D3-BF4B-00C04F79EFBC}") = "SlipAndSlide.Droid", "Droid\SlipAndSlide.Droid.csproj", "{FE70DAD2-8848-4437-BEBC-0D75D5F778A0}"
EndProject
Global
	GlobalSection(SolutionConfigurationPlatforms) = preSolution
		Debug|Any CPU = Debug|Any CPU
		Debug|iPhone = Debug|iPhone
		Debug|iPhoneSimulator = Debug|iPhoneSimulator
		Release|Any CPU = Release|Any CPU
		Release|iPhone = Release|iPhone
		Release|iPhoneSimulator = Release|iPhoneSimulator
	EndGlobalSection
	GlobalSection(ProjectConfigurationPlatforms) = postSolution
		{9C225D8A-6A29-4278-86AC-3FD4042FBA10}.Debug|Any CPU.ActiveCfg = Debug|Any CPU
		{9C225D8A-6A29-4278-86AC-3FD4042FBA10}.Debug|Any CPU.Build.0 = Debug|Any CPU
		{9C225D8A-6A29-4278-86AC-3FD4042FBA10}.Debug|iPhone.ActiveCfg = Debug|Any CPU
		{9C225D8A-6A29-4278-86AC-3FD4042FBA10}.Debug|iPhone.Build.0 = Debug|Any CPU
		{9C225D8A-6A29-4278-86AC-3FD4042FBA10}.Debug|iPhoneSimulator.ActiveCfg = Debug|Any CPU
		{9C225D8A-6A29-4278-86AC-3FD4042FBA10}.Debug|iPhoneSimulator.Build.0 = Debug|Any CPU
		{9C225D8A-6A29-4278-86AC-3FD4042FBA10}.Release|Any CPU.ActiveCfg = Release|Any CPU
		{9C225D8A-6A29-4278-86AC-3FD4042FBA10}.Release|Any CPU.Build.0 = Release|Any CPU
		{9C225D8A-6A29-4278-86AC-3FD4042FBA10}.Release|iPhone.ActiveCfg = Release|Any CPU
		{9C225D8A-6A29-4278-86AC-3FD4042FBA10}.Release|iPhone.Build.0 = Release|Any CPU
		{9C225D8A-6A29-4278-86AC-3FD4042FBA10}.Release|iPhoneSimulator.ActiveCfg = Release|Any CPU
		{9C225D8A-6A29-4278-86AC-3FD4042FBA10}.Release|iPhoneSimulator.Build.0 = Release|Any CPU
		{CFF1E3D5-8277-4268-9AB4-6476A8CCB9F3}.Debug|Any CPU.ActiveCfg = Debug|iPhoneSimulator
		{CFF1E3D5-8277-4268-9AB4-6476A8CCB9F3}.Debug|Any CPU.Build.0 = Debug|iPhoneSimulator
		{CFF1E3D5-8277-4268-9AB4-6476A8CCB9F3}.Debug|iPhone.ActiveCfg = Debug|iPhone
		{CFF1E3D5-8277-4268-9AB4-6476A8CCB9F3}.Debug|iPhone.Build.0 = Debug|iPhone
		{CFF1E3D5-8277-4268-9AB4-6476A8CCB9F3}.Debug|iPhoneSimulator.ActiveCfg = Debug|iPhoneSimulator
		{CFF1E3D5-8277-4268-9AB4-6476A8CCB9F3}.Debug|iPhoneSimulator.Build.0 = Debug|iPhoneSimulator
		{CFF1E3D5-8277-4268-9AB4-6476A8CCB9F3}.Release|Any CPU.ActiveCfg = Release|iPhone
		{CFF1E3D5-8277-4268-9AB4-6476A8CCB9F3}.Release|Any CPU.Build.0 = Release|iPhone
		{CFF1E3D5-8277-4268-9AB4-6476A8CCB9F3}.Release|iPhone.ActiveCfg = Release|iPhone
		{CFF1E3D5-8277-4268-9AB4-6476A8CCB9F3}.Release|iPhone.Build.0 = Release|iPhone
		{CFF1E3D5-8277-4268-9AB4-6476A8CCB9F3}.Release|iPhoneSimulator.ActiveCfg = Release|iPhoneSimulator
		{CFF1E3D5-8277-4268-9AB4-6476A8CCB9F3}.Release|iPhoneSimulator.Build.0 = Release|iPhoneSimulator
		{FE70DAD2-8848-4437-BEBC-0D75D5F778A0}.Debug|Any CPU.ActiveCfg = Debug|Any CPU
		{FE70DAD2-8848-4437-BEBC-0D75D5F778A0}.Debug|Any CPU.Build.0 = Debug|Any CPU
		{FE70DAD2-8848-4437-BEBC-0D75D5F778A0}.Debug|Any CPU.Deploy.0 = Debug|Any CPU
		{FE70DAD2-8848-4437-BEBC-0D75D5F778A0}.Debug|iPhone.ActiveCfg = Debug|Any CPU
		{FE70DAD2-8848-4437-BEBC-0D75D5F778A0}.Debug|iPhone.Build.0 = Debug|Any CPU
		{FE70DAD2-8848-4437-BEBC-0D75D5F778A0}.Debug|iPhoneSimulator.ActiveCfg = Debug|Any CPU
		{FE70DAD2-8848-4437-BEBC-0D75D5F778A0}.Debug|iPhoneSimulator.Build.0 = Debug|Any CPU
		{FE70DAD2-8848-4437-BEBC-0D75D5F778A0}.Release|Any CPU.ActiveCfg = Release|Any CPU
		{FE70DAD2-8848-4437-BEBC-0D75D5F778A0}.Release|Any CPU.Build.0 = Release|Any CPU
		{FE70DAD2-8848-4437-BEBC-0D75D5F778A0}.Release|iPhone.ActiveCfg = Release|Any CPU
		{FE70DAD2-8848-4437-BEBC-0D75D5F778A0}.Release|iPhone.Build.0 = Release|Any CPU
		{FE70DAD2-8848-4437-BEBC-0D75D5F778A0}.Release|iPhoneSimulator.ActiveCfg = Release|Any CPU
		{FE70DAD2-8848-4437-BEBC-0D75D5F778A0}.Release|iPhoneSimulator.Build.0 = Release|Any CPU
	EndGlobalSection
	GlobalSection(SolutionProperties) = preSolution
		HideSolutionNode = FALSE
	EndGlobalSection
	GlobalSection(ExtensibilityGlobals) = postSolution
		SolutionGuid = {CE58A6A4-E889-4E2E-BD37-8746342AF8F3}
	EndGlobalSection
EndGlobal
